
Microsoft Visual Studio Solution File, Format Version 12.00
# Visual Studio Version 16
VisualStudioVersion = 16.0.30413.136
MinimumVisualStudioVersion = 10.0.40219.1
Project("{FAE04EC0-301F-11D3-BF4B-00C04F79EFBC}") = "YoutubeSub", "YoutubeSub\YoutubeSub.csproj", "{F2E248CB-4D9D-425F-80E6-10C487275A66}"
EndProject
Global
	GlobalSection(SolutionConfigurationPlatforms) = preSolution
		Debug|Any CPU = Debug|Any CPU
		Release|Any CPU = Release|Any CPU
	EndGlobalSection
	GlobalSection(ProjectConfigurationPlatforms) = postSolution
		{F2E248CB-4D9D-425F-80E6-10C487275A66}.Debug|Any CPU.ActiveCfg = Debug|Any CPU
		{F2E248CB-4D9D-425F-80E6-10C487275A66}.Debug|Any CPU.Build.0 = Debug|Any CPU
		{F2E248CB-4D9D-425F-80E6-10C487275A66}.Release|Any CPU.ActiveCfg = Release|Any CPU
		{F2E248CB-4D9D-425F-80E6-10C487275A66}.Release|Any CPU.Build.0 = Release|Any CPU
	EndGlobalSection
	GlobalSection(SolutionProperties) = preSolution
		HideSolutionNode = FALSE
	EndGlobalSection
	GlobalSection(ExtensibilityGlobals) = postSolution
		SolutionGuid = {1EC8EA73-A375-41A6-97D1-3E6674927013}
	EndGlobalSection
EndGlobal
